
Microsoft Visual Studio Solution File, Format Version 12.00
# Visual Studio Version 17
VisualStudioVersion = 17.0.31912.275
MinimumVisualStudioVersion = 10.0.40219.1
Project("{FAE04EC0-301F-11D3-BF4B-00C04F79EFBC}") = "WebApplication8", "WebApplication8.csproj", "{FF04EEBA-4F49-4A39-9EF2-51C0EBF15389}"
EndProject
Global
	GlobalSection(SolutionConfigurationPlatforms) = preSolution
		Debug|Any CPU = Debug|Any CPU
		Release|Any CPU = Release|Any CPU
	EndGlobalSection
	GlobalSection(ProjectConfigurationPlatforms) = postSolution
		{FF04EEBA-4F49-4A39-9EF2-51C0EBF15389}.Debug|Any CPU.ActiveCfg = Debug|Any CPU
		{FF04EEBA-4F49-4A39-9EF2-51C0EBF15389}.Debug|Any CPU.Build.0 = Debug|Any CPU
		{FF04EEBA-4F49-4A39-9EF2-51C0EBF15389}.Release|Any CPU.ActiveCfg = Release|Any CPU
		{FF04EEBA-4F49-4A39-9EF2-51C0EBF15389}.Release|Any CPU.Build.0 = Release|Any CPU
	EndGlobalSection
	GlobalSection(SolutionProperties) = preSolution
		HideSolutionNode = FALSE
	EndGlobalSection
	GlobalSection(ExtensibilityGlobals) = postSolution
		SolutionGuid = {84395D22-2F48-43CE-8B72-1144C9516493}
	EndGlobalSection
EndGlobal
